
Microsoft Visual Studio Solution File, Format Version 12.00
# Visual Studio Version 17
VisualStudioVersion = 17.0.32014.148
MinimumVisualStudioVersion = 10.0.40219.1
Project("{FAE04EC0-301F-11D3-BF4B-00C04F79EFBC}") = "SP_MT", "SP_MT\SP_MT.csproj", "{7611A5D3-5723-4448-9F85-9D8898197B7F}"
EndProject
Global
	GlobalSection(SolutionConfigurationPlatforms) = preSolution
		Debug|Any CPU = Debug|Any CPU
		Release|Any CPU = Release|Any CPU
	EndGlobalSection
	GlobalSection(ProjectConfigurationPlatforms) = postSolution
		{7611A5D3-5723-4448-9F85-9D8898197B7F}.Debug|Any CPU.ActiveCfg = Debug|Any CPU
		{7611A5D3-5723-4448-9F85-9D8898197B7F}.Debug|Any CPU.Build.0 = Debug|Any CPU
		{7611A5D3-5723-4448-9F85-9D8898197B7F}.Release|Any CPU.ActiveCfg = Release|Any CPU
		{7611A5D3-5723-4448-9F85-9D8898197B7F}.Release|Any CPU.Build.0 = Release|Any CPU
	EndGlobalSection
	GlobalSection(SolutionProperties) = preSolution
		HideSolutionNode = FALSE
	EndGlobalSection
	GlobalSection(ExtensibilityGlobals) = postSolution
		SolutionGuid = {C63374C8-25B2-4CB9-8F49-3CEF1084B1E5}
	EndGlobalSection
EndGlobal
